
Microsoft Visual Studio Solution File, Format Version 12.00
# Visual Studio Version 16
VisualStudioVersion = 16.0.29424.173
MinimumVisualStudioVersion = 10.0.40219.1
Project("{9A19103F-16F7-4668-BE54-9A1E7A4F7556}") = "ApplicationCore", "ApplicationCore\ApplicationCore.csproj", "{FC44A1E6-594C-4E2C-BECA-712000B78484}"
EndProject
Project("{9A19103F-16F7-4668-BE54-9A1E7A4F7556}") = "RazorSample", "RazorSample\RazorSample.csproj", "{03FC8AA3-4352-4DB3-84DB-B917BC7496CE}"
EndProject
Project("{FAE04EC0-301F-11D3-BF4B-00C04F79EFBC}") = "Infrastructure", "Infrastructure\Infrastructure.csproj", "{52FC4DD7-A8F5-4C4E-8BDC-3982F9658B25}"
EndProject
Global
	GlobalSection(SolutionConfigurationPlatforms) = preSolution
		Debug|Any CPU = Debug|Any CPU
		Release|Any CPU = Release|Any CPU
	EndGlobalSection
	GlobalSection(ProjectConfigurationPlatforms) = postSolution
		{FC44A1E6-594C-4E2C-BECA-712000B78484}.Debug|Any CPU.ActiveCfg = Debug|Any CPU
		{FC44A1E6-594C-4E2C-BECA-712000B78484}.Debug|Any CPU.Build.0 = Debug|Any CPU
		{FC44A1E6-594C-4E2C-BECA-712000B78484}.Release|Any CPU.ActiveCfg = Release|Any CPU
		{FC44A1E6-594C-4E2C-BECA-712000B78484}.Release|Any CPU.Build.0 = Release|Any CPU
		{03FC8AA3-4352-4DB3-84DB-B917BC7496CE}.Debug|Any CPU.ActiveCfg = Debug|Any CPU
		{03FC8AA3-4352-4DB3-84DB-B917BC7496CE}.Debug|Any CPU.Build.0 = Debug|Any CPU
		{03FC8AA3-4352-4DB3-84DB-B917BC7496CE}.Release|Any CPU.ActiveCfg = Release|Any CPU
		{03FC8AA3-4352-4DB3-84DB-B917BC7496CE}.Release|Any CPU.Build.0 = Release|Any CPU
		{52FC4DD7-A8F5-4C4E-8BDC-3982F9658B25}.Debug|Any CPU.ActiveCfg = Debug|Any CPU
		{52FC4DD7-A8F5-4C4E-8BDC-3982F9658B25}.Debug|Any CPU.Build.0 = Debug|Any CPU
		{52FC4DD7-A8F5-4C4E-8BDC-3982F9658B25}.Release|Any CPU.ActiveCfg = Release|Any CPU
		{52FC4DD7-A8F5-4C4E-8BDC-3982F9658B25}.Release|Any CPU.Build.0 = Release|Any CPU
	EndGlobalSection
	GlobalSection(SolutionProperties) = preSolution
		HideSolutionNode = FALSE
	EndGlobalSection
	GlobalSection(ExtensibilityGlobals) = postSolution
		SolutionGuid = {F4C30D4B-30B3-4CC2-BD49-90C916EA37DA}
	EndGlobalSection
EndGlobal
